// !$*UTF8*$!
{
	archiveVersion = 1;
	classes = {
	};
	objectVersion = 77;
	objects = {

/* Begin PBXBuildFile section */
		0EC07A6604A3601C62652D7B /* BeatSchedule.swift in Sources */ = {isa = PBXBuildFile; fileRef = 34805475A91E553E12ABCEEE /* BeatSchedule.swift */; };
		1785C1B16FACE515D8572701 /* StaffGeometryTests.swift in Sources */ = {isa = PBXBuildFile; fileRef = 3A3064FD6AF14D07D1067DFD /* StaffGeometryTests.swift */; };
		1F89BF06B7BF4A22A6BACEE8 /* Preferences.swift in Sources */ = {isa = PBXBuildFile; fileRef = EB271E618877C2F35B5FAE65 /* Preferences.swift */; };
		220A201B0C0A2B7C1B17EB4C /* StaffView.swift in Sources */ = {isa = PBXBuildFile; fileRef = 99D536925ACD6379B134AA19 /* StaffView.swift */; };
		2D03D70A146219C1C5139328 /* InstrumentTests.swift in Sources */ = {isa = PBXBuildFile; fileRef = 318D92A88B222C6BFBEEFD8F /* InstrumentTests.swift */; };
		341B384E6E76F751D254FDD3 /* BeatScheduleTests.swift in Sources */ = {isa = PBXBuildFile; fileRef = 45A5846583792C590D030CF1 /* BeatScheduleTests.swift */; };
		362260AEE593A2B0F3E5D858 /* PrivacyInfo.xcprivacy in Resources */ = {isa = PBXBuildFile; fileRef = E1944FF5164E689F376416E6 /* PrivacyInfo.xcprivacy */; };
		4E3841CD575384BE8DDD9675 /* MetronomeView.swift in Sources */ = {isa = PBXBuildFile; fileRef = 287C56F7EA1B4EB8485B2ABF /* MetronomeView.swift */; };
		549000B51174F59FEEEF9FF2 /* FingeringChartTests.swift in Sources */ = {isa = PBXBuildFile; fileRef = 30B130847D11DF3CA460BDCD /* FingeringChartTests.swift */; };
		5CD09969986DAD7A5B075665 /* Log.swift in Sources */ = {isa = PBXBuildFile; fileRef = E868390E1ECBD3E683A520D3 /* Log.swift */; };
		6171216C4460F02643B8E188 /* Haptics.swift in Sources */ = {isa = PBXBuildFile; fileRef = E72349F6975BB0B588BE6512 /* Haptics.swift */; };
		64E2CD427B59D4800CF20BE4 /* DrillView.swift in Sources */ = {isa = PBXBuildFile; fileRef = 9724146DD84E98C6A0B252EA /* DrillView.swift */; };
		659C9F3160D3D3B26F072A0A /* TonePlayerTests.swift in Sources */ = {isa = PBXBuildFile; fileRef = 6790F6CD27E7B80C93A9F21D /* TonePlayerTests.swift */; };
		660A393E8D418970DABF781A /* Metronome.swift in Sources */ = {isa = PBXBuildFile; fileRef = 97FAB236ABBF12AD95027DD0 /* Metronome.swift */; };
		6739B828051BD5986DD8295A /* AudioSessionController.swift in Sources */ = {isa = PBXBuildFile; fileRef = 15A686D9C80C29EEA859F369 /* AudioSessionController.swift */; };
		6CC490FBEA833F74EC4EC708 /* Theme.swift in Sources */ = {isa = PBXBuildFile; fileRef = C01D158C8535DEFFDBB6E3FE /* Theme.swift */; };
		6E42BEB0D65D652075C26D1B /* PracticeTimer.swift in Sources */ = {isa = PBXBuildFile; fileRef = 7C3CC257133C9FD9EC96E9D6 /* PracticeTimer.swift */; };
		79C3150B6AC77E8BD9DD15B1 /* ScalePlayer.swift in Sources */ = {isa = PBXBuildFile; fileRef = 3B2E364826F02951407BD7A4 /* ScalePlayer.swift */; };
		7FFF461A7F06640B9FC9F74D /* TonePlayer.swift in Sources */ = {isa = PBXBuildFile; fileRef = 5DAE0C426C6F6F4A84E05508 /* TonePlayer.swift */; };
		9374FC4DA74B8DE23BCEF955 /* MellophoneApp.swift in Sources */ = {isa = PBXBuildFile; fileRef = E2DA15278695D4ACE5660BED /* MellophoneApp.swift */; };
		949EEC334695526E79131A65 /* ScalesView.swift in Sources */ = {isa = PBXBuildFile; fileRef = 566DACCC67FE59122A3F79C3 /* ScalesView.swift */; };
		951CE618C16009453F2397D3 /* PracticeLog.swift in Sources */ = {isa = PBXBuildFile; fileRef = 7762749D71CA2D7650D97483 /* PracticeLog.swift */; };
		9AD105D57627FD3C5B2DD50D /* PracticeLogTests.swift in Sources */ = {isa = PBXBuildFile; fileRef = 4BCC2EA3F6985BBABE3729D2 /* PracticeLogTests.swift */; };
		9FD43EEDDD262349B6A8940E /* ScalePlayerTests.swift in Sources */ = {isa = PBXBuildFile; fileRef = B90534C4BED046A4EA9D9322 /* ScalePlayerTests.swift */; };
		A7F9F2564170FCDAA4AD13D4 /* TrainerView.swift in Sources */ = {isa = PBXBuildFile; fileRef = 1DCCD2E97ABBE6C51FDE298B /* TrainerView.swift */; };
		A8DB7372AAC017DC2D5BA732 /* Instrument.swift in Sources */ = {isa = PBXBuildFile; fileRef = 5F609236596F9A659F2B9AD4 /* Instrument.swift */; };
		A9174CC72C8DCE910E201EF6 /* AudioEngineHost.swift in Sources */ = {isa = PBXBuildFile; fileRef = 281F4F7DAD70A89FC710B795 /* AudioEngineHost.swift */; };
		AE0505C51C10C9A56FE2A3B1 /* Note.swift in Sources */ = {isa = PBXBuildFile; fileRef = 76EB8DB6213644349D9FBC5F /* Note.swift */; };
		B24F9AE7D6D4A2D2E1C458AA /* Assets.xcassets in Resources */ = {isa = PBXBuildFile; fileRef = FFD6112BAF230D7F0C18B887 /* Assets.xcassets */; };
		D2C9DBBB36005E81D7238DD3 /* ValveView.swift in Sources */ = {isa = PBXBuildFile; fileRef = 1A63B5EC99E11A4D6F3F3BD2 /* ValveView.swift */; };
		D624B5B497EBFBEC4B7B0112 /* FingeringChartView.swift in Sources */ = {isa = PBXBuildFile; fileRef = 5F0E9BE595F7C237F48B77A3 /* FingeringChartView.swift */; };
		E60870D311628155DA62522D /* NoteData.swift in Sources */ = {isa = PBXBuildFile; fileRef = 7A798F4277EE2FE7A00B448E /* NoteData.swift */; };
		E724F387E07FCC4E46D43BFC /* RootView.swift in Sources */ = {isa = PBXBuildFile; fileRef = 6FCDA7A4E21BCF9D4D39C727 /* RootView.swift */; };
		F81D6597AF1583DFB274AED1 /* TimerView.swift in Sources */ = {isa = PBXBuildFile; fileRef = 88E5B3D84CA22ED8E42B762D /* TimerView.swift */; };
/* End PBXBuildFile section */

/* Begin PBXContainerItemProxy section */
		B582B407ABE5F7484234AE4C /* PBXContainerItemProxy */ = {
			isa = PBXContainerItemProxy;
			containerPortal = 5F97A57EBF77EEE20CBBCFF9 /* Project object */;
			proxyType = 1;
			remoteGlobalIDString = A4C4C2D346407C4042952A8D;
			remoteInfo = Mellophone;
		};
/* End PBXContainerItemProxy section */

/* Begin PBXFileReference section */
		15A686D9C80C29EEA859F369 /* AudioSessionController.swift */ = {isa = PBXFileReference; lastKnownFileType = sourcecode.swift; path = AudioSessionController.swift; sourceTree = "<group>"; };
		1A63B5EC99E11A4D6F3F3BD2 /* ValveView.swift */ = {isa = PBXFileReference; lastKnownFileType = sourcecode.swift; path = ValveView.swift; sourceTree = "<group>"; };
		1DCCD2E97ABBE6C51FDE298B /* TrainerView.swift */ = {isa = PBXFileReference; lastKnownFileType = sourcecode.swift; path = TrainerView.swift; sourceTree = "<group>"; };
		1F92486CFF2BD201FDE4100C /* Mellophone.app */ = {isa = PBXFileReference; includeInIndex = 0; lastKnownFileType = wrapper.application; path = Mellophone.app; sourceTree = BUILT_PRODUCTS_DIR; };
		281F4F7DAD70A89FC710B795 /* AudioEngineHost.swift */ = {isa = PBXFileReference; lastKnownFileType = sourcecode.swift; path = AudioEngineHost.swift; sourceTree = "<group>"; };
		287C56F7EA1B4EB8485B2ABF /* MetronomeView.swift */ = {isa = PBXFileReference; lastKnownFileType = sourcecode.swift; path = MetronomeView.swift; sourceTree = "<group>"; };
		30B130847D11DF3CA460BDCD /* FingeringChartTests.swift */ = {isa = PBXFileReference; lastKnownFileType = sourcecode.swift; path = FingeringChartTests.swift; sourceTree = "<group>"; };
		318D92A88B222C6BFBEEFD8F /* InstrumentTests.swift */ = {isa = PBXFileReference; lastKnownFileType = sourcecode.swift; path = InstrumentTests.swift; sourceTree = "<group>"; };
		34805475A91E553E12ABCEEE /* BeatSchedule.swift */ = {isa = PBXFileReference; lastKnownFileType = sourcecode.swift; path = BeatSchedule.swift; sourceTree = "<group>"; };
		3A3064FD6AF14D07D1067DFD /* StaffGeometryTests.swift */ = {isa = PBXFileReference; lastKnownFileType = sourcecode.swift; path = StaffGeometryTests.swift; sourceTree = "<group>"; };
		3B2E364826F02951407BD7A4 /* ScalePlayer.swift */ = {isa = PBXFileReference; lastKnownFileType = sourcecode.swift; path = ScalePlayer.swift; sourceTree = "<group>"; };
		45A5846583792C590D030CF1 /* BeatScheduleTests.swift */ = {isa = PBXFileReference; lastKnownFileType = sourcecode.swift; path = BeatScheduleTests.swift; sourceTree = "<group>"; };
		4BCC2EA3F6985BBABE3729D2 /* PracticeLogTests.swift */ = {isa = PBXFileReference; lastKnownFileType = sourcecode.swift; path = PracticeLogTests.swift; sourceTree = "<group>"; };
		566DACCC67FE59122A3F79C3 /* ScalesView.swift */ = {isa = PBXFileReference; lastKnownFileType = sourcecode.swift; path = ScalesView.swift; sourceTree = "<group>"; };
		5DAE0C426C6F6F4A84E05508 /* TonePlayer.swift */ = {isa = PBXFileReference; lastKnownFileType = sourcecode.swift; path = TonePlayer.swift; sourceTree = "<group>"; };
		5F0E9BE595F7C237F48B77A3 /* FingeringChartView.swift */ = {isa = PBXFileReference; lastKnownFileType = sourcecode.swift; path = FingeringChartView.swift; sourceTree = "<group>"; };
		5F609236596F9A659F2B9AD4 /* Instrument.swift */ = {isa = PBXFileReference; lastKnownFileType = sourcecode.swift; path = Instrument.swift; sourceTree = "<group>"; };
		6790F6CD27E7B80C93A9F21D /* TonePlayerTests.swift */ = {isa = PBXFileReference; lastKnownFileType = sourcecode.swift; path = TonePlayerTests.swift; sourceTree = "<group>"; };
		6FCDA7A4E21BCF9D4D39C727 /* RootView.swift */ = {isa = PBXFileReference; lastKnownFileType = sourcecode.swift; path = RootView.swift; sourceTree = "<group>"; };
		76EB8DB6213644349D9FBC5F /* Note.swift */ = {isa = PBXFileReference; lastKnownFileType = sourcecode.swift; path = Note.swift; sourceTree = "<group>"; };
		7762749D71CA2D7650D97483 /* PracticeLog.swift */ = {isa = PBXFileReference; lastKnownFileType = sourcecode.swift; path = PracticeLog.swift; sourceTree = "<group>"; };
		7A798F4277EE2FE7A00B448E /* NoteData.swift */ = {isa = PBXFileReference; lastKnownFileType = sourcecode.swift; path = NoteData.swift; sourceTree = "<group>"; };
		7C3CC257133C9FD9EC96E9D6 /* PracticeTimer.swift */ = {isa = PBXFileReference; lastKnownFileType = sourcecode.swift; path = PracticeTimer.swift; sourceTree = "<group>"; };
		88E5B3D84CA22ED8E42B762D /* TimerView.swift */ = {isa = PBXFileReference; lastKnownFileType = sourcecode.swift; path = TimerView.swift; sourceTree = "<group>"; };
		9724146DD84E98C6A0B252EA /* DrillView.swift */ = {isa = PBXFileReference; lastKnownFileType = sourcecode.swift; path = DrillView.swift; sourceTree = "<group>"; };
		97FAB236ABBF12AD95027DD0 /* Metronome.swift */ = {isa = PBXFileReference; lastKnownFileType = sourcecode.swift; path = Metronome.swift; sourceTree = "<group>"; };
		99B273A7D0A9119CE73E912A /* Info.plist */ = {isa = PBXFileReference; lastKnownFileType = text.plist; path = Info.plist; sourceTree = "<group>"; };
		99D536925ACD6379B134AA19 /* StaffView.swift */ = {isa = PBXFileReference; lastKnownFileType = sourcecode.swift; path = StaffView.swift; sourceTree = "<group>"; };
		B90534C4BED046A4EA9D9322 /* ScalePlayerTests.swift */ = {isa = PBXFileReference; lastKnownFileType = sourcecode.swift; path = ScalePlayerTests.swift; sourceTree = "<group>"; };
		C01D158C8535DEFFDBB6E3FE /* Theme.swift */ = {isa = PBXFileReference; lastKnownFileType = sourcecode.swift; path = Theme.swift; sourceTree = "<group>"; };
		DC67C6C5AB24EEBC34AACFBE /* MellophoneTests.xctest */ = {isa = PBXFileReference; includeInIndex = 0; lastKnownFileType = wrapper.cfbundle; path = MellophoneTests.xctest; sourceTree = BUILT_PRODUCTS_DIR; };
		E1944FF5164E689F376416E6 /* PrivacyInfo.xcprivacy */ = {isa = PBXFileReference; path = PrivacyInfo.xcprivacy; sourceTree = "<group>"; };
		E2DA15278695D4ACE5660BED /* MellophoneApp.swift */ = {isa = PBXFileReference; lastKnownFileType = sourcecode.swift; path = MellophoneApp.swift; sourceTree = "<group>"; };
		E72349F6975BB0B588BE6512 /* Haptics.swift */ = {isa = PBXFileReference; lastKnownFileType = sourcecode.swift; path = Haptics.swift; sourceTree = "<group>"; };
		E868390E1ECBD3E683A520D3 /* Log.swift */ = {isa = PBXFileReference; lastKnownFileType = sourcecode.swift; path = Log.swift; sourceTree = "<group>"; };
		EB271E618877C2F35B5FAE65 /* Preferences.swift */ = {isa = PBXFileReference; lastKnownFileType = sourcecode.swift; path = Preferences.swift; sourceTree = "<group>"; };
		FFD6112BAF230D7F0C18B887 /* Assets.xcassets */ = {isa = PBXFileReference; lastKnownFileType = folder.assetcatalog; path = Assets.xcassets; sourceTree = "<group>"; };
/* End PBXFileReference section */

/* Begin PBXGroup section */
		10ED3F1AF69CFBABAB348BD3 /* Audio */ = {
			isa = PBXGroup;
			children = (
				281F4F7DAD70A89FC710B795 /* AudioEngineHost.swift */,
				15A686D9C80C29EEA859F369 /* AudioSessionController.swift */,
				34805475A91E553E12ABCEEE /* BeatSchedule.swift */,
				E72349F6975BB0B588BE6512 /* Haptics.swift */,
				97FAB236ABBF12AD95027DD0 /* Metronome.swift */,
				7C3CC257133C9FD9EC96E9D6 /* PracticeTimer.swift */,
				3B2E364826F02951407BD7A4 /* ScalePlayer.swift */,
				5DAE0C426C6F6F4A84E05508 /* TonePlayer.swift */,
			);
			path = Audio;
			sourceTree = "<group>";
		};
		2D4B71B5507A0316ACDDFDDD /* MellophoneTests */ = {
			isa = PBXGroup;
			children = (
				45A5846583792C590D030CF1 /* BeatScheduleTests.swift */,
				30B130847D11DF3CA460BDCD /* FingeringChartTests.swift */,
				318D92A88B222C6BFBEEFD8F /* InstrumentTests.swift */,
				4BCC2EA3F6985BBABE3729D2 /* PracticeLogTests.swift */,
				B90534C4BED046A4EA9D9322 /* ScalePlayerTests.swift */,
				3A3064FD6AF14D07D1067DFD /* StaffGeometryTests.swift */,
				6790F6CD27E7B80C93A9F21D /* TonePlayerTests.swift */,
			);
			path = MellophoneTests;
			sourceTree = "<group>";
		};
		3F4181336C8D7261BDBBDDFF = {
			isa = PBXGroup;
			children = (
				832D9920D2E8C1D3613AF3EC /* Mellophone */,
				2D4B71B5507A0316ACDDFDDD /* MellophoneTests */,
				EBE499875AE4EF6402AB5E07 /* Products */,
			);
			sourceTree = "<group>";
		};
		832D9920D2E8C1D3613AF3EC /* Mellophone */ = {
			isa = PBXGroup;
			children = (
				D988012D8BF1EF75BDA31577 /* App */,
				10ED3F1AF69CFBABAB348BD3 /* Audio */,
				DA3567CB71AEC1EE70458A94 /* Model */,
				F6CF5CFA74F3A9B622A550A1 /* Resources */,
				ADFCE33A625C031BFC34ACF2 /* Views */,
				99B273A7D0A9119CE73E912A /* Info.plist */,
			);
			path = Mellophone;
			sourceTree = "<group>";
		};
		ADFCE33A625C031BFC34ACF2 /* Views */ = {
			isa = PBXGroup;
			children = (
				9724146DD84E98C6A0B252EA /* DrillView.swift */,
				5F0E9BE595F7C237F48B77A3 /* FingeringChartView.swift */,
				287C56F7EA1B4EB8485B2ABF /* MetronomeView.swift */,
				566DACCC67FE59122A3F79C3 /* ScalesView.swift */,
				99D536925ACD6379B134AA19 /* StaffView.swift */,
				88E5B3D84CA22ED8E42B762D /* TimerView.swift */,
				1DCCD2E97ABBE6C51FDE298B /* TrainerView.swift */,
				1A63B5EC99E11A4D6F3F3BD2 /* ValveView.swift */,
			);
			path = Views;
			sourceTree = "<group>";
		};
		D988012D8BF1EF75BDA31577 /* App */ = {
			isa = PBXGroup;
			children = (
				E868390E1ECBD3E683A520D3 /* Log.swift */,
				E2DA15278695D4ACE5660BED /* MellophoneApp.swift */,
				6FCDA7A4E21BCF9D4D39C727 /* RootView.swift */,
				C01D158C8535DEFFDBB6E3FE /* Theme.swift */,
			);
			path = App;
			sourceTree = "<group>";
		};
		DA3567CB71AEC1EE70458A94 /* Model */ = {
			isa = PBXGroup;
			children = (
				5F609236596F9A659F2B9AD4 /* Instrument.swift */,
				76EB8DB6213644349D9FBC5F /* Note.swift */,
				7A798F4277EE2FE7A00B448E /* NoteData.swift */,
				7762749D71CA2D7650D97483 /* PracticeLog.swift */,
				EB271E618877C2F35B5FAE65 /* Preferences.swift */,
			);
			path = Model;
			sourceTree = "<group>";
		};
		EBE499875AE4EF6402AB5E07 /* Products */ = {
			isa = PBXGroup;
			children = (
				1F92486CFF2BD201FDE4100C /* Mellophone.app */,
				DC67C6C5AB24EEBC34AACFBE /* MellophoneTests.xctest */,
			);
			name = Products;
			sourceTree = "<group>";
		};
		F6CF5CFA74F3A9B622A550A1 /* Resources */ = {
			isa = PBXGroup;
			children = (
				FFD6112BAF230D7F0C18B887 /* Assets.xcassets */,
				E1944FF5164E689F376416E6 /* PrivacyInfo.xcprivacy */,
			);
			path = Resources;
			sourceTree = "<group>";
		};
/* End PBXGroup section */

/* Begin PBXNativeTarget section */
		A4C4C2D346407C4042952A8D /* Mellophone */ = {
			isa = PBXNativeTarget;
			buildConfigurationList = BDDD916A75FF344AEE9C081F /* Build configuration list for PBXNativeTarget "Mellophone" */;
			buildPhases = (
				D0C1E3C85A15AC5B357EB01B /* Sources */,
				5AC18E931EF5DA40A2D509E8 /* Resources */,
			);
			buildRules = (
			);
			dependencies = (
			);
			name = Mellophone;
			packageProductDependencies = (
			);
			productName = Mellophone;
			productReference = 1F92486CFF2BD201FDE4100C /* Mellophone.app */;
			productType = "com.apple.product-type.application";
		};
		C6073E1C515436EA8E9CBA5F /* MellophoneTests */ = {
			isa = PBXNativeTarget;
			buildConfigurationList = 7D5480568ACC282291D33425 /* Build configuration list for PBXNativeTarget "MellophoneTests" */;
			buildPhases = (
				F97336604DE65F68A0DB6B8A /* Sources */,
			);
			buildRules = (
			);
			dependencies = (
				5BD97DAF519632AB2CA6B237 /* PBXTargetDependency */,
			);
			name = MellophoneTests;
			packageProductDependencies = (
			);
			productName = MellophoneTests;
			productReference = DC67C6C5AB24EEBC34AACFBE /* MellophoneTests.xctest */;
			productType = "com.apple.product-type.bundle.unit-test";
		};
/* End PBXNativeTarget section */

/* Begin PBXProject section */
		5F97A57EBF77EEE20CBBCFF9 /* Project object */ = {
			isa = PBXProject;
			attributes = {
				BuildIndependentTargetsInParallel = YES;
				LastUpgradeCheck = 2650;
				TargetAttributes = {
					A4C4C2D346407C4042952A8D = {
						DevelopmentTeam = 88JY59HYPS;
						ProvisioningStyle = Automatic;
					};
					C6073E1C515436EA8E9CBA5F = {
						DevelopmentTeam = 88JY59HYPS;
					};
				};
			};
			buildConfigurationList = 1B31A9F677DB4A047B704C26 /* Build configuration list for PBXProject "Mellophone" */;
			developmentRegion = en;
			hasScannedForEncodings = 0;
			knownRegions = (
				Base,
				en,
			);
			mainGroup = 3F4181336C8D7261BDBBDDFF;
			minimizedProjectReferenceProxies = 1;
			preferredProjectObjectVersion = 77;
			productRefGroup = EBE499875AE4EF6402AB5E07 /* Products */;
			projectDirPath = "";
			projectRoot = "";
			targets = (
				A4C4C2D346407C4042952A8D /* Mellophone */,
				C6073E1C515436EA8E9CBA5F /* MellophoneTests */,
			);
		};
/* End PBXProject section */

/* Begin PBXResourcesBuildPhase section */
		5AC18E931EF5DA40A2D509E8 /* Resources */ = {
			isa = PBXResourcesBuildPhase;
			buildActionMask = 2147483647;
			files = (
				B24F9AE7D6D4A2D2E1C458AA /* Assets.xcassets in Resources */,
				362260AEE593A2B0F3E5D858 /* PrivacyInfo.xcprivacy in Resources */,
			);
			runOnlyForDeploymentPostprocessing = 0;
		};
/* End PBXResourcesBuildPhase section */

/* Begin PBXSourcesBuildPhase section */
		D0C1E3C85A15AC5B357EB01B /* Sources */ = {
			isa = PBXSourcesBuildPhase;
			buildActionMask = 2147483647;
			files = (
				A9174CC72C8DCE910E201EF6 /* AudioEngineHost.swift in Sources */,
				6739B828051BD5986DD8295A /* AudioSessionController.swift in Sources */,
				0EC07A6604A3601C62652D7B /* BeatSchedule.swift in Sources */,
				64E2CD427B59D4800CF20BE4 /* DrillView.swift in Sources */,
				D624B5B497EBFBEC4B7B0112 /* FingeringChartView.swift in Sources */,
				6171216C4460F02643B8E188 /* Haptics.swift in Sources */,
				A8DB7372AAC017DC2D5BA732 /* Instrument.swift in Sources */,
				5CD09969986DAD7A5B075665 /* Log.swift in Sources */,
				9374FC4DA74B8DE23BCEF955 /* MellophoneApp.swift in Sources */,
				660A393E8D418970DABF781A /* Metronome.swift in Sources */,
				4E3841CD575384BE8DDD9675 /* MetronomeView.swift in Sources */,
				AE0505C51C10C9A56FE2A3B1 /* Note.swift in Sources */,
				E60870D311628155DA62522D /* NoteData.swift in Sources */,
				951CE618C16009453F2397D3 /* PracticeLog.swift in Sources */,
				6E42BEB0D65D652075C26D1B /* PracticeTimer.swift in Sources */,
				1F89BF06B7BF4A22A6BACEE8 /* Preferences.swift in Sources */,
				E724F387E07FCC4E46D43BFC /* RootView.swift in Sources */,
				79C3150B6AC77E8BD9DD15B1 /* ScalePlayer.swift in Sources */,
				949EEC334695526E79131A65 /* ScalesView.swift in Sources */,
				220A201B0C0A2B7C1B17EB4C /* StaffView.swift in Sources */,
				6CC490FBEA833F74EC4EC708 /* Theme.swift in Sources */,
				F81D6597AF1583DFB274AED1 /* TimerView.swift in Sources */,
				7FFF461A7F06640B9FC9F74D /* TonePlayer.swift in Sources */,
				A7F9F2564170FCDAA4AD13D4 /* TrainerView.swift in Sources */,
				D2C9DBBB36005E81D7238DD3 /* ValveView.swift in Sources */,
			);
			runOnlyForDeploymentPostprocessing = 0;
		};
		F97336604DE65F68A0DB6B8A /* Sources */ = {
			isa = PBXSourcesBuildPhase;
			buildActionMask = 2147483647;
			files = (
				341B384E6E76F751D254FDD3 /* BeatScheduleTests.swift in Sources */,
				549000B51174F59FEEEF9FF2 /* FingeringChartTests.swift in Sources */,
				2D03D70A146219C1C5139328 /* InstrumentTests.swift in Sources */,
				9AD105D57627FD3C5B2DD50D /* PracticeLogTests.swift in Sources */,
				9FD43EEDDD262349B6A8940E /* ScalePlayerTests.swift in Sources */,
				1785C1B16FACE515D8572701 /* StaffGeometryTests.swift in Sources */,
				659C9F3160D3D3B26F072A0A /* TonePlayerTests.swift in Sources */,
			);
			runOnlyForDeploymentPostprocessing = 0;
		};
/* End PBXSourcesBuildPhase section */

/* Begin PBXTargetDependency section */
		5BD97DAF519632AB2CA6B237 /* PBXTargetDependency */ = {
			isa = PBXTargetDependency;
			target = A4C4C2D346407C4042952A8D /* Mellophone */;
			targetProxy = B582B407ABE5F7484234AE4C /* PBXContainerItemProxy */;
		};
/* End PBXTargetDependency section */

/* Begin XCBuildConfiguration section */
		6D2C775855D613181D638975 /* Release */ = {
			isa = XCBuildConfiguration;
			buildSettings = {
				ALWAYS_SEARCH_USER_PATHS = NO;
				CLANG_ANALYZER_NONNULL = YES;
				CLANG_ANALYZER_NUMBER_OBJECT_CONVERSION = YES_AGGRESSIVE;
				CLANG_CXX_LANGUAGE_STANDARD = "gnu++14";
				CLANG_CXX_LIBRARY = "libc++";
				CLANG_ENABLE_MODULES = YES;
				CLANG_ENABLE_OBJC_ARC = YES;
				CLANG_ENABLE_OBJC_WEAK = YES;
				CLANG_WARN_BLOCK_CAPTURE_AUTORELEASING = YES;
				CLANG_WARN_BOOL_CONVERSION = YES;
				CLANG_WARN_COMMA = YES;
				CLANG_WARN_CONSTANT_CONVERSION = YES;
				CLANG_WARN_DEPRECATED_OBJC_IMPLEMENTATIONS = YES;
				CLANG_WARN_DIRECT_OBJC_ISA_USAGE = YES_ERROR;
				CLANG_WARN_DOCUMENTATION_COMMENTS = YES;
				CLANG_WARN_EMPTY_BODY = YES;
				CLANG_WARN_ENUM_CONVERSION = YES;
				CLANG_WARN_INFINITE_RECURSION = YES;
				CLANG_WARN_INT_CONVERSION = YES;
				CLANG_WARN_NON_LITERAL_NULL_CONVERSION = YES;
				CLANG_WARN_OBJC_IMPLICIT_RETAIN_SELF = YES;
				CLANG_WARN_OBJC_LITERAL_CONVERSION = YES;
				CLANG_WARN_OBJC_ROOT_CLASS = YES_ERROR;
				CLANG_WARN_QUOTED_INCLUDE_IN_FRAMEWORK_HEADER = YES;
				CLANG_WARN_RANGE_LOOP_ANALYSIS = YES;
				CLANG_WARN_STRICT_PROTOTYPES = YES;
				CLANG_WARN_SUSPICIOUS_MOVE = YES;
				CLANG_WARN_UNGUARDED_AVAILABILITY = YES_AGGRESSIVE;
				CLANG_WARN_UNREACHABLE_CODE = YES;
				CLANG_WARN__DUPLICATE_METHOD_MATCH = YES;
				COPY_PHASE_STRIP = NO;
				CURRENT_PROJECT_VERSION = 1;
				DEBUG_INFORMATION_FORMAT = "dwarf-with-dsym";
				DEVELOPMENT_TEAM = 88JY59HYPS;
				ENABLE_NS_ASSERTIONS = NO;
				ENABLE_STRICT_OBJC_MSGSEND = YES;
				ENABLE_USER_SCRIPT_SANDBOXING = NO;
				GCC_C_LANGUAGE_STANDARD = gnu11;
				GCC_NO_COMMON_BLOCKS = YES;
				GCC_WARN_64_TO_32_BIT_CONVERSION = YES;
				GCC_WARN_ABOUT_RETURN_TYPE = YES_ERROR;
				GCC_WARN_UNDECLARED_SELECTOR = YES;
				GCC_WARN_UNINITIALIZED_AUTOS = YES_AGGRESSIVE;
				GCC_WARN_UNUSED_FUNCTION = YES;
				GCC_WARN_UNUSED_VARIABLE = YES;
				IPHONEOS_DEPLOYMENT_TARGET = 17.0;
				MARKETING_VERSION = 1.0.0;
				MTL_ENABLE_DEBUG_INFO = NO;
				MTL_FAST_MATH = YES;
				PRODUCT_NAME = "$(TARGET_NAME)";
				SDKROOT = iphoneos;
				SWIFT_COMPILATION_MODE = wholemodule;
				SWIFT_OPTIMIZATION_LEVEL = "-O";
				SWIFT_VERSION = 5.10;
			};
			name = Release;
		};
		84F0CFC4C0527923F884574A /* Release */ = {
			isa = XCBuildConfiguration;
			buildSettings = {
				BUNDLE_LOADER = "$(TEST_HOST)";
				CODE_SIGNING_ALLOWED = NO;
				GENERATE_INFOPLIST_FILE = YES;
				IPHONEOS_DEPLOYMENT_TARGET = 17.0;
				LD_RUNPATH_SEARCH_PATHS = (
					"$(inherited)",
					"@executable_path/Frameworks",
					"@loader_path/Frameworks",
				);
				PRODUCT_BUNDLE_IDENTIFIER = com.massfeller.mellophone.tests;
				SDKROOT = iphoneos;
				TARGETED_DEVICE_FAMILY = "1,2";
				TEST_HOST = "$(BUILT_PRODUCTS_DIR)/Mellophone.app/Mellophone";
			};
			name = Release;
		};
		B0A371ADCC8919EF101D3CC1 /* Debug */ = {
			isa = XCBuildConfiguration;
			buildSettings = {
				ASSETCATALOG_COMPILER_APPICON_NAME = AppIcon;
				ASSETCATALOG_COMPILER_GLOBAL_ACCENT_COLOR_NAME = AccentColor;
				CODE_SIGNING_ALLOWED = YES;
				CODE_SIGNING_REQUIRED = YES;
				CODE_SIGN_IDENTITY = "iPhone Developer";
				CODE_SIGN_STYLE = Automatic;
				GENERATE_INFOPLIST_FILE = YES;
				INFOPLIST_FILE = Mellophone/Info.plist;
				INFOPLIST_KEY_CFBundleDisplayName = "Honk It Up!";
				INFOPLIST_KEY_ITSAppUsesNonExemptEncryption = NO;
				INFOPLIST_KEY_UIApplicationSceneManifest_Generation = YES;
				INFOPLIST_KEY_UIApplicationSupportsIndirectInputEvents = YES;
				INFOPLIST_KEY_UILaunchScreen_Generation = YES;
				INFOPLIST_KEY_UIStatusBarStyle = UIStatusBarStyleLightContent;
				INFOPLIST_KEY_UISupportedInterfaceOrientations = UIInterfaceOrientationPortrait;
				INFOPLIST_KEY_UISupportedInterfaceOrientations_iPhone = UIInterfaceOrientationPortrait;
				INFOPLIST_KEY_UIViewControllerBasedStatusBarAppearance = NO;
				IPHONEOS_DEPLOYMENT_TARGET = 17.0;
				LD_RUNPATH_SEARCH_PATHS = (
					"$(inherited)",
					"@executable_path/Frameworks",
				);
				PRODUCT_BUNDLE_IDENTIFIER = com.massfeller.mellophone;
				PRODUCT_NAME = Mellophone;
				SDKROOT = iphoneos;
				TARGETED_DEVICE_FAMILY = 1;
			};
			name = Debug;
		};
		C2EF6562F078ACE3B4129516 /* Debug */ = {
			isa = XCBuildConfiguration;
			buildSettings = {
				ALWAYS_SEARCH_USER_PATHS = NO;
				CLANG_ANALYZER_NONNULL = YES;
				CLANG_ANALYZER_NUMBER_OBJECT_CONVERSION = YES_AGGRESSIVE;
				CLANG_CXX_LANGUAGE_STANDARD = "gnu++14";
				CLANG_CXX_LIBRARY = "libc++";
				CLANG_ENABLE_MODULES = YES;
				CLANG_ENABLE_OBJC_ARC = YES;
				CLANG_ENABLE_OBJC_WEAK = YES;
				CLANG_WARN_BLOCK_CAPTURE_AUTORELEASING = YES;
				CLANG_WARN_BOOL_CONVERSION = YES;
				CLANG_WARN_COMMA = YES;
				CLANG_WARN_CONSTANT_CONVERSION = YES;
				CLANG_WARN_DEPRECATED_OBJC_IMPLEMENTATIONS = YES;
				CLANG_WARN_DIRECT_OBJC_ISA_USAGE = YES_ERROR;
				CLANG_WARN_DOCUMENTATION_COMMENTS = YES;
				CLANG_WARN_EMPTY_BODY = YES;
				CLANG_WARN_ENUM_CONVERSION = YES;
				CLANG_WARN_INFINITE_RECURSION = YES;
				CLANG_WARN_INT_CONVERSION = YES;
				CLANG_WARN_NON_LITERAL_NULL_CONVERSION = YES;
				CLANG_WARN_OBJC_IMPLICIT_RETAIN_SELF = YES;
				CLANG_WARN_OBJC_LITERAL_CONVERSION = YES;
				CLANG_WARN_OBJC_ROOT_CLASS = YES_ERROR;
				CLANG_WARN_QUOTED_INCLUDE_IN_FRAMEWORK_HEADER = YES;
				CLANG_WARN_RANGE_LOOP_ANALYSIS = YES;
				CLANG_WARN_STRICT_PROTOTYPES = YES;
				CLANG_WARN_SUSPICIOUS_MOVE = YES;
				CLANG_WARN_UNGUARDED_AVAILABILITY = YES_AGGRESSIVE;
				CLANG_WARN_UNREACHABLE_CODE = YES;
				CLANG_WARN__DUPLICATE_METHOD_MATCH = YES;
				COPY_PHASE_STRIP = NO;
				CURRENT_PROJECT_VERSION = 1;
				DEBUG_INFORMATION_FORMAT = dwarf;
				DEVELOPMENT_TEAM = 88JY59HYPS;
				ENABLE_STRICT_OBJC_MSGSEND = YES;
				ENABLE_TESTABILITY = YES;
				ENABLE_USER_SCRIPT_SANDBOXING = NO;
				GCC_C_LANGUAGE_STANDARD = gnu11;
				GCC_DYNAMIC_NO_PIC = NO;
				GCC_NO_COMMON_BLOCKS = YES;
				GCC_OPTIMIZATION_LEVEL = 0;
				GCC_PREPROCESSOR_DEFINITIONS = (
					"$(inherited)",
					"DEBUG=1",
				);
				GCC_WARN_64_TO_32_BIT_CONVERSION = YES;
				GCC_WARN_ABOUT_RETURN_TYPE = YES_ERROR;
				GCC_WARN_UNDECLARED_SELECTOR = YES;
				GCC_WARN_UNINITIALIZED_AUTOS = YES_AGGRESSIVE;
				GCC_WARN_UNUSED_FUNCTION = YES;
				GCC_WARN_UNUSED_VARIABLE = YES;
				IPHONEOS_DEPLOYMENT_TARGET = 17.0;
				MARKETING_VERSION = 1.0.0;
				MTL_ENABLE_DEBUG_INFO = INCLUDE_SOURCE;
				MTL_FAST_MATH = YES;
				ONLY_ACTIVE_ARCH = YES;
				PRODUCT_NAME = "$(TARGET_NAME)";
				SDKROOT = iphoneos;
				SWIFT_ACTIVE_COMPILATION_CONDITIONS = DEBUG;
				SWIFT_OPTIMIZATION_LEVEL = "-Onone";
				SWIFT_VERSION = 5.10;
			};
			name = Debug;
		};
		D5B64293667E5F3F1798BFC0 /* Debug */ = {
			isa = XCBuildConfiguration;
			buildSettings = {
				BUNDLE_LOADER = "$(TEST_HOST)";
				CODE_SIGNING_ALLOWED = NO;
				GENERATE_INFOPLIST_FILE = YES;
				IPHONEOS_DEPLOYMENT_TARGET = 17.0;
				LD_RUNPATH_SEARCH_PATHS = (
					"$(inherited)",
					"@executable_path/Frameworks",
					"@loader_path/Frameworks",
				);
				PRODUCT_BUNDLE_IDENTIFIER = com.massfeller.mellophone.tests;
				SDKROOT = iphoneos;
				TARGETED_DEVICE_FAMILY = "1,2";
				TEST_HOST = "$(BUILT_PRODUCTS_DIR)/Mellophone.app/Mellophone";
			};
			name = Debug;
		};
		ED28AF258B70579141F7CEAB /* Release */ = {
			isa = XCBuildConfiguration;
			buildSettings = {
				ASSETCATALOG_COMPILER_APPICON_NAME = AppIcon;
				ASSETCATALOG_COMPILER_GLOBAL_ACCENT_COLOR_NAME = AccentColor;
				CODE_SIGNING_ALLOWED = YES;
				CODE_SIGNING_REQUIRED = YES;
				CODE_SIGN_IDENTITY = "iPhone Developer";
				CODE_SIGN_STYLE = Automatic;
				GENERATE_INFOPLIST_FILE = YES;
				INFOPLIST_FILE = Mellophone/Info.plist;
				INFOPLIST_KEY_CFBundleDisplayName = "Honk It Up!";
				INFOPLIST_KEY_ITSAppUsesNonExemptEncryption = NO;
				INFOPLIST_KEY_UIApplicationSceneManifest_Generation = YES;
				INFOPLIST_KEY_UIApplicationSupportsIndirectInputEvents = YES;
				INFOPLIST_KEY_UILaunchScreen_Generation = YES;
				INFOPLIST_KEY_UIStatusBarStyle = UIStatusBarStyleLightContent;
				INFOPLIST_KEY_UISupportedInterfaceOrientations = UIInterfaceOrientationPortrait;
				INFOPLIST_KEY_UISupportedInterfaceOrientations_iPhone = UIInterfaceOrientationPortrait;
				INFOPLIST_KEY_UIViewControllerBasedStatusBarAppearance = NO;
				IPHONEOS_DEPLOYMENT_TARGET = 17.0;
				LD_RUNPATH_SEARCH_PATHS = (
					"$(inherited)",
					"@executable_path/Frameworks",
				);
				PRODUCT_BUNDLE_IDENTIFIER = com.massfeller.mellophone;
				PRODUCT_NAME = Mellophone;
				SDKROOT = iphoneos;
				TARGETED_DEVICE_FAMILY = 1;
			};
			name = Release;
		};
/* End XCBuildConfiguration section */

/* Begin XCConfigurationList section */
		1B31A9F677DB4A047B704C26 /* Build configuration list for PBXProject "Mellophone" */ = {
			isa = XCConfigurationList;
			buildConfigurations = (
				C2EF6562F078ACE3B4129516 /* Debug */,
				6D2C775855D613181D638975 /* Release */,
			);
			defaultConfigurationIsVisible = 0;
			defaultConfigurationName = Debug;
		};
		7D5480568ACC282291D33425 /* Build configuration list for PBXNativeTarget "MellophoneTests" */ = {
			isa = XCConfigurationList;
			buildConfigurations = (
				D5B64293667E5F3F1798BFC0 /* Debug */,
				84F0CFC4C0527923F884574A /* Release */,
			);
			defaultConfigurationIsVisible = 0;
			defaultConfigurationName = Debug;
		};
		BDDD916A75FF344AEE9C081F /* Build configuration list for PBXNativeTarget "Mellophone" */ = {
			isa = XCConfigurationList;
			buildConfigurations = (
				B0A371ADCC8919EF101D3CC1 /* Debug */,
				ED28AF258B70579141F7CEAB /* Release */,
			);
			defaultConfigurationIsVisible = 0;
			defaultConfigurationName = Debug;
		};
/* End XCConfigurationList section */
	};
	rootObject = 5F97A57EBF77EEE20CBBCFF9 /* Project object */;
}
